
Microsoft Visual Studio Solution File, Format Version 12.00
# Visual Studio Version 16
VisualStudioVersion = 16.0.31424.327
MinimumVisualStudioVersion = 10.0.40219.1
Project("{9A19103F-16F7-4668-BE54-9A1E7A4F7556}") = "Tipos de variables en C Sharp", "IniciosEn.NETCore\Tipos de variables en C Sharp.csproj", "{88B62676-135B-41D6-811A-B1BC0CAB83FF}"
EndProject
Global
	GlobalSection(SolutionConfigurationPlatforms) = preSolution
		Debug|Any CPU = Debug|Any CPU
		Release|Any CPU = Release|Any CPU
	EndGlobalSection
	GlobalSection(ProjectConfigurationPlatforms) = postSolution
		{88B62676-135B-41D6-811A-B1BC0CAB83FF}.Debug|Any CPU.ActiveCfg = Debug|Any CPU
		{88B62676-135B-41D6-811A-B1BC0CAB83FF}.Debug|Any CPU.Build.0 = Debug|Any CPU
		{88B62676-135B-41D6-811A-B1BC0CAB83FF}.Release|Any CPU.ActiveCfg = Release|Any CPU
		{88B62676-135B-41D6-811A-B1BC0CAB83FF}.Release|Any CPU.Build.0 = Release|Any CPU
	EndGlobalSection
	GlobalSection(SolutionProperties) = preSolution
		HideSolutionNode = FALSE
	EndGlobalSection
	GlobalSection(ExtensibilityGlobals) = postSolution
		SolutionGuid = {4DF124AA-B9FE-4741-8D13-1DDA5C032FB5}
	EndGlobalSection
EndGlobal
