
Microsoft Visual Studio Solution File, Format Version 12.00
# Visual Studio Version 16
VisualStudioVersion = 16.0.31424.327
MinimumVisualStudioVersion = 10.0.40219.1
Project("{FAE04EC0-301F-11D3-BF4B-00C04F79EFBC}") = "La estructura bucle (ciclo for) en C Sharp", "La estructura bucle (ciclo for) en C Sharp\La estructura bucle (ciclo for) en C Sharp.csproj", "{05D71B8F-3583-464E-83F6-B32333ED8B5A}"
EndProject
Global
	GlobalSection(SolutionConfigurationPlatforms) = preSolution
		Debug|Any CPU = Debug|Any CPU
		Release|Any CPU = Release|Any CPU
	EndGlobalSection
	GlobalSection(ProjectConfigurationPlatforms) = postSolution
		{05D71B8F-3583-464E-83F6-B32333ED8B5A}.Debug|Any CPU.ActiveCfg = Debug|Any CPU
		{05D71B8F-3583-464E-83F6-B32333ED8B5A}.Debug|Any CPU.Build.0 = Debug|Any CPU
		{05D71B8F-3583-464E-83F6-B32333ED8B5A}.Release|Any CPU.ActiveCfg = Release|Any CPU
		{05D71B8F-3583-464E-83F6-B32333ED8B5A}.Release|Any CPU.Build.0 = Release|Any CPU
	EndGlobalSection
	GlobalSection(SolutionProperties) = preSolution
		HideSolutionNode = FALSE
	EndGlobalSection
	GlobalSection(ExtensibilityGlobals) = postSolution
		SolutionGuid = {97ADC678-2848-4981-8372-0A64FC1B5251}
	EndGlobalSection
EndGlobal
