
Microsoft Visual Studio Solution File, Format Version 12.00
# Visual Studio Version 16
VisualStudioVersion = 16.0.31424.327
MinimumVisualStudioVersion = 10.0.40219.1
Project("{FAE04EC0-301F-11D3-BF4B-00C04F79EFBC}") = "Estructura condicional switch en C Sharp", "Estructura condicional switch en C Sharp\Estructura condicional switch en C Sharp.csproj", "{BF29E4FF-AE5D-4D90-8B34-07B0CCA6D193}"
EndProject
Global
	GlobalSection(SolutionConfigurationPlatforms) = preSolution
		Debug|Any CPU = Debug|Any CPU
		Release|Any CPU = Release|Any CPU
	EndGlobalSection
	GlobalSection(ProjectConfigurationPlatforms) = postSolution
		{BF29E4FF-AE5D-4D90-8B34-07B0CCA6D193}.Debug|Any CPU.ActiveCfg = Debug|Any CPU
		{BF29E4FF-AE5D-4D90-8B34-07B0CCA6D193}.Debug|Any CPU.Build.0 = Debug|Any CPU
		{BF29E4FF-AE5D-4D90-8B34-07B0CCA6D193}.Release|Any CPU.ActiveCfg = Release|Any CPU
		{BF29E4FF-AE5D-4D90-8B34-07B0CCA6D193}.Release|Any CPU.Build.0 = Release|Any CPU
	EndGlobalSection
	GlobalSection(SolutionProperties) = preSolution
		HideSolutionNode = FALSE
	EndGlobalSection
	GlobalSection(ExtensibilityGlobals) = postSolution
		SolutionGuid = {451AA2A1-1308-4225-BE45-266ACFB8137C}
	EndGlobalSection
EndGlobal
